
Microsoft Visual Studio Solution File, Format Version 12.00
# Visual Studio Version 17
VisualStudioVersion = 17.0.31903.59
MinimumVisualStudioVersion = 10.0.40219.1
Project("{8BC9CEB8-8B4A-11D0-8D11-00A0C91BC942}") = "indiv_1_Algo", "indiv_1_Algo\indiv_1_Algo.vcxproj", "{1DB13A08-F53F-435E-AE00-4F2B7CBE35D2}"
EndProject
Global
	GlobalSection(SolutionConfigurationPlatforms) = preSolution
		Debug|x64 = Debug|x64
		Debug|x86 = Debug|x86
		Release|x64 = Release|x64
		Release|x86 = Release|x86
	EndGlobalSection
	GlobalSection(ProjectConfigurationPlatforms) = postSolution
		{1DB13A08-F53F-435E-AE00-4F2B7CBE35D2}.Debug|x64.ActiveCfg = Debug|x64
		{1DB13A08-F53F-435E-AE00-4F2B7CBE35D2}.Debug|x64.Build.0 = Debug|x64
		{1DB13A08-F53F-435E-AE00-4F2B7CBE35D2}.Debug|x86.ActiveCfg = Debug|Win32
		{1DB13A08-F53F-435E-AE00-4F2B7CBE35D2}.Debug|x86.Build.0 = Debug|Win32
		{1DB13A08-F53F-435E-AE00-4F2B7CBE35D2}.Release|x64.ActiveCfg = Release|x64
		{1DB13A08-F53F-435E-AE00-4F2B7CBE35D2}.Release|x64.Build.0 = Release|x64
		{1DB13A08-F53F-435E-AE00-4F2B7CBE35D2}.Release|x86.ActiveCfg = Release|Win32
		{1DB13A08-F53F-435E-AE00-4F2B7CBE35D2}.Release|x86.Build.0 = Release|Win32
	EndGlobalSection
	GlobalSection(SolutionProperties) = preSolution
		HideSolutionNode = FALSE
	EndGlobalSection
	GlobalSection(ExtensibilityGlobals) = postSolution
		SolutionGuid = {30704CAA-124C-47EA-844A-219BB17EA7D5}
	EndGlobalSection
EndGlobal
